// !$*UTF8*$!
{
	archiveVersion = 1;
	classes = {
	};
	objectVersion = 56;
	objects = {

/* Begin PBXBuildFile section */
		D4DE513A2AD63C9C008E1F3C /* AppDelegate.swift in Sources */ = {isa = PBXBuildFile; fileRef = D4DE51392AD63C9C008E1F3C /* AppDelegate.swift */; };
		D4DE513C2AD63C9C008E1F3C /* ContentView.swift in Sources */ = {isa = PBXBuildFile; fileRef = D4DE513B2AD63C9C008E1F3C /* ContentView.swift */; };
		D4DE513E2AD63C9C008E1F3C /* Assets.xcassets in Resources */ = {isa = PBXBuildFile; fileRef = D4DE513D2AD63C9C008E1F3C /* Assets.xcassets */; };
		D4DE51412AD63C9C008E1F3C /* Preview Assets.xcassets in Resources */ = {isa = PBXBuildFile; fileRef = D4DE51402AD63C9C008E1F3C /* Preview Assets.xcassets */; };
		D4DE51492AD63DD1008E1F3C /* PickUserRoleView.swift in Sources */ = {isa = PBXBuildFile; fileRef = D4DE51482AD63DD1008E1F3C /* PickUserRoleView.swift */; };
		D4DE515A2AD64291008E1F3C /* Model.xcdatamodeld in Sources */ = {isa = PBXBuildFile; fileRef = D4DE51582AD64291008E1F3C /* Model.xcdatamodeld */; };
		D4DE515C2AD64332008E1F3C /* Persistence.swift in Sources */ = {isa = PBXBuildFile; fileRef = D4DE515B2AD64332008E1F3C /* Persistence.swift */; };
		D4DE515E2AD64606008E1F3C /* FirstDetailView.swift in Sources */ = {isa = PBXBuildFile; fileRef = D4DE515D2AD64606008E1F3C /* FirstDetailView.swift */; };
		D4DE51602AD64618008E1F3C /* SecondDetailView.swift in Sources */ = {isa = PBXBuildFile; fileRef = D4DE515F2AD64618008E1F3C /* SecondDetailView.swift */; };
		D4DE51622AD64623008E1F3C /* ThirdDetailView.swift in Sources */ = {isa = PBXBuildFile; fileRef = D4DE51612AD64623008E1F3C /* ThirdDetailView.swift */; };
/* End PBXBuildFile section */

/* Begin PBXFileReference section */
		D4DE51362AD63C9C008E1F3C /* Pins3D.app */ = {isa = PBXFileReference; explicitFileType = wrapper.application; includeInIndex = 0; path = Pins3D.app; sourceTree = BUILT_PRODUCTS_DIR; };
		D4DE51392AD63C9C008E1F3C /* AppDelegate.swift */ = {isa = PBXFileReference; lastKnownFileType = sourcecode.swift; path = AppDelegate.swift; sourceTree = "<group>"; };
		D4DE513B2AD63C9C008E1F3C /* ContentView.swift */ = {isa = PBXFileReference; lastKnownFileType = sourcecode.swift; path = ContentView.swift; sourceTree = "<group>"; };
		D4DE513D2AD63C9C008E1F3C /* Assets.xcassets */ = {isa = PBXFileReference; lastKnownFileType = folder.assetcatalog; path = Assets.xcassets; sourceTree = "<group>"; };
		D4DE51402AD63C9C008E1F3C /* Preview Assets.xcassets */ = {isa = PBXFileReference; lastKnownFileType = folder.assetcatalog; path = "Preview Assets.xcassets"; sourceTree = "<group>"; };
		D4DE51482AD63DD1008E1F3C /* PickUserRoleView.swift */ = {isa = PBXFileReference; lastKnownFileType = sourcecode.swift; path = PickUserRoleView.swift; sourceTree = "<group>"; };
		D4DE51592AD64291008E1F3C /* Model.xcdatamodel */ = {isa = PBXFileReference; lastKnownFileType = wrapper.xcdatamodel; path = Model.xcdatamodel; sourceTree = "<group>"; };
		D4DE515B2AD64332008E1F3C /* Persistence.swift */ = {isa = PBXFileReference; lastKnownFileType = sourcecode.swift; path = Persistence.swift; sourceTree = "<group>"; };
		D4DE515D2AD64606008E1F3C /* FirstDetailView.swift */ = {isa = PBXFileReference; lastKnownFileType = sourcecode.swift; path = FirstDetailView.swift; sourceTree = "<group>"; };
		D4DE515F2AD64618008E1F3C /* SecondDetailView.swift */ = {isa = PBXFileReference; lastKnownFileType = sourcecode.swift; path = SecondDetailView.swift; sourceTree = "<group>"; };
		D4DE51612AD64623008E1F3C /* ThirdDetailView.swift */ = {isa = PBXFileReference; lastKnownFileType = sourcecode.swift; path = ThirdDetailView.swift; sourceTree = "<group>"; };
/* End PBXFileReference section */

/* Begin PBXFrameworksBuildPhase section */
		D4DE51332AD63C9C008E1F3C /* Frameworks */ = {
			isa = PBXFrameworksBuildPhase;
			buildActionMask = 2147483647;
			files = (
			);
			runOnlyForDeploymentPostprocessing = 0;
		};
/* End PBXFrameworksBuildPhase section */

/* Begin PBXGroup section */
		D4DE512D2AD63C9C008E1F3C = {
			isa = PBXGroup;
			children = (
				D4DE51382AD63C9C008E1F3C /* Pins3D */,
				D4DE51372AD63C9C008E1F3C /* Products */,
			);
			sourceTree = "<group>";
		};
		D4DE51372AD63C9C008E1F3C /* Products */ = {
			isa = PBXGroup;
			children = (
				D4DE51362AD63C9C008E1F3C /* Pins3D.app */,
			);
			name = Products;
			sourceTree = "<group>";
		};
		D4DE51382AD63C9C008E1F3C /* Pins3D */ = {
			isa = PBXGroup;
			children = (
				D4DE514A2AD63E2E008E1F3C /* Data */,
				D4DE51472AD63D8D008E1F3C /* Views */,
				D4DE51392AD63C9C008E1F3C /* AppDelegate.swift */,
				D4DE513B2AD63C9C008E1F3C /* ContentView.swift */,
				D4DE513D2AD63C9C008E1F3C /* Assets.xcassets */,
				D4DE513F2AD63C9C008E1F3C /* Preview Content */,
			);
			path = Pins3D;
			sourceTree = "<group>";
		};
		D4DE513F2AD63C9C008E1F3C /* Preview Content */ = {
			isa = PBXGroup;
			children = (
				D4DE51402AD63C9C008E1F3C /* Preview Assets.xcassets */,
			);
			path = "Preview Content";
			sourceTree = "<group>";
		};
		D4DE51472AD63D8D008E1F3C /* Views */ = {
			isa = PBXGroup;
			children = (
				D4DE51482AD63DD1008E1F3C /* PickUserRoleView.swift */,
				D4DE515D2AD64606008E1F3C /* FirstDetailView.swift */,
				D4DE515F2AD64618008E1F3C /* SecondDetailView.swift */,
				D4DE51612AD64623008E1F3C /* ThirdDetailView.swift */,
			);
			path = Views;
			sourceTree = "<group>";
		};
		D4DE514A2AD63E2E008E1F3C /* Data */ = {
			isa = PBXGroup;
			children = (
				D4DE51582AD64291008E1F3C /* Model.xcdatamodeld */,
				D4DE515B2AD64332008E1F3C /* Persistence.swift */,
			);
			path = Data;
			sourceTree = "<group>";
		};
/* End PBXGroup section */

/* Begin PBXNativeTarget section */
		D4DE51352AD63C9C008E1F3C /* Pins3D */ = {
			isa = PBXNativeTarget;
			buildConfigurationList = D4DE51442AD63C9C008E1F3C /* Build configuration list for PBXNativeTarget "Pins3D" */;
			buildPhases = (
				D4DE51322AD63C9C008E1F3C /* Sources */,
				D4DE51332AD63C9C008E1F3C /* Frameworks */,
				D4DE51342AD63C9C008E1F3C /* Resources */,
			);
			buildRules = (
			);
			dependencies = (
			);
			name = Pins3D;
			productName = Pins3D;
			productReference = D4DE51362AD63C9C008E1F3C /* Pins3D.app */;
			productType = "com.apple.product-type.application";
		};
/* End PBXNativeTarget section */

/* Begin PBXProject section */
		D4DE512E2AD63C9C008E1F3C /* Project object */ = {
			isa = PBXProject;
			attributes = {
				BuildIndependentTargetsInParallel = 1;
				LastSwiftUpdateCheck = 1500;
				LastUpgradeCheck = 1500;
				TargetAttributes = {
					D4DE51352AD63C9C008E1F3C = {
						CreatedOnToolsVersion = 15.0;
					};
				};
			};
			buildConfigurationList = D4DE51312AD63C9C008E1F3C /* Build configuration list for PBXProject "Pins3D" */;
			compatibilityVersion = "Xcode 14.0";
			developmentRegion = en;
			hasScannedForEncodings = 0;
			knownRegions = (
				en,
				Base,
			);
			mainGroup = D4DE512D2AD63C9C008E1F3C;
			productRefGroup = D4DE51372AD63C9C008E1F3C /* Products */;
			projectDirPath = "";
			projectRoot = "";
			targets = (
				D4DE51352AD63C9C008E1F3C /* Pins3D */,
			);
		};
/* End PBXProject section */

/* Begin PBXResourcesBuildPhase section */
		D4DE51342AD63C9C008E1F3C /* Resources */ = {
			isa = PBXResourcesBuildPhase;
			buildActionMask = 2147483647;
			files = (
				D4DE51412AD63C9C008E1F3C /* Preview Assets.xcassets in Resources */,
				D4DE513E2AD63C9C008E1F3C /* Assets.xcassets in Resources */,
			);
			runOnlyForDeploymentPostprocessing = 0;
		};
/* End PBXResourcesBuildPhase section */

/* Begin PBXSourcesBuildPhase section */
		D4DE51322AD63C9C008E1F3C /* Sources */ = {
			isa = PBXSourcesBuildPhase;
			buildActionMask = 2147483647;
			files = (
				D4DE515E2AD64606008E1F3C /* FirstDetailView.swift in Sources */,
				D4DE51622AD64623008E1F3C /* ThirdDetailView.swift in Sources */,
				D4DE513C2AD63C9C008E1F3C /* ContentView.swift in Sources */,
				D4DE51492AD63DD1008E1F3C /* PickUserRoleView.swift in Sources */,
				D4DE513A2AD63C9C008E1F3C /* AppDelegate.swift in Sources */,
				D4DE515A2AD64291008E1F3C /* Model.xcdatamodeld in Sources */,
				D4DE51602AD64618008E1F3C /* SecondDetailView.swift in Sources */,
				D4DE515C2AD64332008E1F3C /* Persistence.swift in Sources */,
			);
			runOnlyForDeploymentPostprocessing = 0;
		};
/* End PBXSourcesBuildPhase section */

/* Begin XCBuildConfiguration section */
		D4DE51422AD63C9C008E1F3C /* Debug */ = {
			isa = XCBuildConfiguration;
			buildSettings = {
				ALWAYS_SEARCH_USER_PATHS = NO;
				ASSETCATALOG_COMPILER_GENERATE_SWIFT_ASSET_SYMBOL_EXTENSIONS = YES;
				CLANG_ANALYZER_NONNULL = YES;
				CLANG_ANALYZER_NUMBER_OBJECT_CONVERSION = YES_AGGRESSIVE;
				CLANG_CXX_LANGUAGE_STANDARD = "gnu++20";
				CLANG_ENABLE_MODULES = YES;
				CLANG_ENABLE_OBJC_ARC = YES;
				CLANG_ENABLE_OBJC_WEAK = YES;
				CLANG_WARN_BLOCK_CAPTURE_AUTORELEASING = YES;
				CLANG_WARN_BOOL_CONVERSION = YES;
				CLANG_WARN_COMMA = YES;
				CLANG_WARN_CONSTANT_CONVERSION = YES;
				CLANG_WARN_DEPRECATED_OBJC_IMPLEMENTATIONS = YES;
				CLANG_WARN_DIRECT_OBJC_ISA_USAGE = YES_ERROR;
				CLANG_WARN_DOCUMENTATION_COMMENTS = YES;
				CLANG_WARN_EMPTY_BODY = YES;
				CLANG_WARN_ENUM_CONVERSION = YES;
				CLANG_WARN_INFINITE_RECURSION = YES;
				CLANG_WARN_INT_CONVERSION = YES;
				CLANG_WARN_NON_LITERAL_NULL_CONVERSION = YES;
				CLANG_WARN_OBJC_IMPLICIT_RETAIN_SELF = YES;
				CLANG_WARN_OBJC_LITERAL_CONVERSION = YES;
				CLANG_WARN_OBJC_ROOT_CLASS = YES_ERROR;
				CLANG_WARN_QUOTED_INCLUDE_IN_FRAMEWORK_HEADER = YES;
				CLANG_WARN_RANGE_LOOP_ANALYSIS = YES;
				CLANG_WARN_STRICT_PROTOTYPES = YES;
				CLANG_WARN_SUSPICIOUS_MOVE = YES;
				CLANG_WARN_UNGUARDED_AVAILABILITY = YES_AGGRESSIVE;
				CLANG_WARN_UNREACHABLE_CODE = YES;
				CLANG_WARN__DUPLICATE_METHOD_MATCH = YES;
				COPY_PHASE_STRIP = NO;
				DEBUG_INFORMATION_FORMAT = dwarf;
				ENABLE_STRICT_OBJC_MSGSEND = YES;
				ENABLE_TESTABILITY = YES;
				ENABLE_USER_SCRIPT_SANDBOXING = YES;
				GCC_C_LANGUAGE_STANDARD = gnu17;
				GCC_DYNAMIC_NO_PIC = NO;
				GCC_NO_COMMON_BLOCKS = YES;
				GCC_OPTIMIZATION_LEVEL = 0;
				GCC_PREPROCESSOR_DEFINITIONS = (
					"DEBUG=1",
					"$(inherited)",
				);
				GCC_WARN_64_TO_32_BIT_CONVERSION = YES;
				GCC_WARN_ABOUT_RETURN_TYPE = YES_ERROR;
				GCC_WARN_UNDECLARED_SELECTOR = YES;
				GCC_WARN_UNINITIALIZED_AUTOS = YES_AGGRESSIVE;
				GCC_WARN_UNUSED_FUNCTION = YES;
				GCC_WARN_UNUSED_VARIABLE = YES;
				IPHONEOS_DEPLOYMENT_TARGET = 17.0;
				LOCALIZATION_PREFERS_STRING_CATALOGS = YES;
				MTL_ENABLE_DEBUG_INFO = INCLUDE_SOURCE;
				MTL_FAST_MATH = YES;
				ONLY_ACTIVE_ARCH = YES;
				SDKROOT = iphoneos;
				SWIFT_ACTIVE_COMPILATION_CONDITIONS = "DEBUG $(inherited)";
				SWIFT_OPTIMIZATION_LEVEL = "-Onone";
			};
			name = Debug;
		};
		D4DE51432AD63C9C008E1F3C /* Release */ = {
			isa = XCBuildConfiguration;
			buildSettings = {
				ALWAYS_SEARCH_USER_PATHS = NO;
				ASSETCATALOG_COMPILER_GENERATE_SWIFT_ASSET_SYMBOL_EXTENSIONS = YES;
				CLANG_ANALYZER_NONNULL = YES;
				CLANG_ANALYZER_NUMBER_OBJECT_CONVERSION = YES_AGGRESSIVE;
				CLANG_CXX_LANGUAGE_STANDARD = "gnu++20";
				CLANG_ENABLE_MODULES = YES;
				CLANG_ENABLE_OBJC_ARC = YES;
				CLANG_ENABLE_OBJC_WEAK = YES;
				CLANG_WARN_BLOCK_CAPTURE_AUTORELEASING = YES;
				CLANG_WARN_BOOL_CONVERSION = YES;
				CLANG_WARN_COMMA = YES;
				CLANG_WARN_CONSTANT_CONVERSION = YES;
				CLANG_WARN_DEPRECATED_OBJC_IMPLEMENTATIONS = YES;
				CLANG_WARN_DIRECT_OBJC_ISA_USAGE = YES_ERROR;
				CLANG_WARN_DOCUMENTATION_COMMENTS = YES;
				CLANG_WARN_EMPTY_BODY = YES;
				CLANG_WARN_ENUM_CONVERSION = YES;
				CLANG_WARN_INFINITE_RECURSION = YES;
				CLANG_WARN_INT_CONVERSION = YES;
				CLANG_WARN_NON_LITERAL_NULL_CONVERSION = YES;
				CLANG_WARN_OBJC_IMPLICIT_RETAIN_SELF = YES;
				CLANG_WARN_OBJC_LITERAL_CONVERSION = YES;
				CLANG_WARN_OBJC_ROOT_CLASS = YES_ERROR;
				CLANG_WARN_QUOTED_INCLUDE_IN_FRAMEWORK_HEADER = YES;
				CLANG_WARN_RANGE_LOOP_ANALYSIS = YES;
				CLANG_WARN_STRICT_PROTOTYPES = YES;
				CLANG_WARN_SUSPICIOUS_MOVE = YES;
				CLANG_WARN_UNGUARDED_AVAILABILITY = YES_AGGRESSIVE;
				CLANG_WARN_UNREACHABLE_CODE = YES;
				CLANG_WARN__DUPLICATE_METHOD_MATCH = YES;
				COPY_PHASE_STRIP = NO;
				DEBUG_INFORMATION_FORMAT = "dwarf-with-dsym";
				ENABLE_NS_ASSERTIONS = NO;
				ENABLE_STRICT_OBJC_MSGSEND = YES;
				ENABLE_USER_SCRIPT_SANDBOXING = YES;
				GCC_C_LANGUAGE_STANDARD = gnu17;
				GCC_NO_COMMON_BLOCKS = YES;
				GCC_WARN_64_TO_32_BIT_CONVERSION = YES;
				GCC_WARN_ABOUT_RETURN_TYPE = YES_ERROR;
				GCC_WARN_UNDECLARED_SELECTOR = YES;
				GCC_WARN_UNINITIALIZED_AUTOS = YES_AGGRESSIVE;
				GCC_WARN_UNUSED_FUNCTION = YES;
				GCC_WARN_UNUSED_VARIABLE = YES;
				IPHONEOS_DEPLOYMENT_TARGET = 17.0;
				LOCALIZATION_PREFERS_STRING_CATALOGS = YES;
				MTL_ENABLE_DEBUG_INFO = NO;
				MTL_FAST_MATH = YES;
				SDKROOT = iphoneos;
				SWIFT_COMPILATION_MODE = wholemodule;
				VALIDATE_PRODUCT = YES;
			};
			name = Release;
		};
		D4DE51452AD63C9C008E1F3C /* Debug */ = {
			isa = XCBuildConfiguration;
			buildSettings = {
				ASSETCATALOG_COMPILER_APPICON_NAME = AppIcon;
				ASSETCATALOG_COMPILER_GLOBAL_ACCENT_COLOR_NAME = AccentColor;
				CODE_SIGN_STYLE = Automatic;
				CURRENT_PROJECT_VERSION = 1;
				DEVELOPMENT_ASSET_PATHS = "\"Pins3D/Preview Content\"";
				DEVELOPMENT_TEAM = 5HL9K394SH;
				ENABLE_PREVIEWS = YES;
				GENERATE_INFOPLIST_FILE = YES;
				INFOPLIST_KEY_NSCameraUsageDescription = "";
				INFOPLIST_KEY_UIApplicationSupportsIndirectInputEvents = YES;
				INFOPLIST_KEY_UILaunchScreen_Generation = YES;
				INFOPLIST_KEY_UIRequiredDeviceCapabilities = arkit;
				INFOPLIST_KEY_UIStatusBarHidden = YES;
				INFOPLIST_KEY_UISupportedInterfaceOrientations_iPad = "UIInterfaceOrientationPortrait UIInterfaceOrientationPortraitUpsideDown UIInterfaceOrientationLandscapeLeft UIInterfaceOrientationLandscapeRight";
				INFOPLIST_KEY_UISupportedInterfaceOrientations_iPhone = "UIInterfaceOrientationPortrait UIInterfaceOrientationLandscapeLeft UIInterfaceOrientationLandscapeRight";
				LD_RUNPATH_SEARCH_PATHS = (
					"$(inherited)",
					"@executable_path/Frameworks",
				);
				MARKETING_VERSION = 1.0;
				PRODUCT_BUNDLE_IDENTIFIER = com.cooksha.Pins3D;
				PRODUCT_NAME = "$(TARGET_NAME)";
				SWIFT_EMIT_LOC_STRINGS = YES;
				SWIFT_VERSION = 5.0;
				TARGETED_DEVICE_FAMILY = "1,2";
			};
			name = Debug;
		};
		D4DE51462AD63C9C008E1F3C /* Release */ = {
			isa = XCBuildConfiguration;
			buildSettings = {
				ASSETCATALOG_COMPILER_APPICON_NAME = AppIcon;
				ASSETCATALOG_COMPILER_GLOBAL_ACCENT_COLOR_NAME = AccentColor;
				CODE_SIGN_STYLE = Automatic;
				CURRENT_PROJECT_VERSION = 1;
				DEVELOPMENT_ASSET_PATHS = "\"Pins3D/Preview Content\"";
				DEVELOPMENT_TEAM = 5HL9K394SH;
				ENABLE_PREVIEWS = YES;
				GENERATE_INFOPLIST_FILE = YES;
				INFOPLIST_KEY_NSCameraUsageDescription = "";
				INFOPLIST_KEY_UIApplicationSupportsIndirectInputEvents = YES;
				INFOPLIST_KEY_UILaunchScreen_Generation = YES;
				INFOPLIST_KEY_UIRequiredDeviceCapabilities = arkit;
				INFOPLIST_KEY_UIStatusBarHidden = YES;
				INFOPLIST_KEY_UISupportedInterfaceOrientations_iPad = "UIInterfaceOrientationPortrait UIInterfaceOrientationPortraitUpsideDown UIInterfaceOrientationLandscapeLeft UIInterfaceOrientationLandscapeRight";
				INFOPLIST_KEY_UISupportedInterfaceOrientations_iPhone = "UIInterfaceOrientationPortrait UIInterfaceOrientationLandscapeLeft UIInterfaceOrientationLandscapeRight";
				LD_RUNPATH_SEARCH_PATHS = (
					"$(inherited)",
					"@executable_path/Frameworks",
				);
				MARKETING_VERSION = 1.0;
				PRODUCT_BUNDLE_IDENTIFIER = com.cooksha.Pins3D;
				PRODUCT_NAME = "$(TARGET_NAME)";
				SWIFT_EMIT_LOC_STRINGS = YES;
				SWIFT_VERSION = 5.0;
				TARGETED_DEVICE_FAMILY = "1,2";
			};
			name = Release;
		};
/* End XCBuildConfiguration section */

/* Begin XCConfigurationList section */
		D4DE51312AD63C9C008E1F3C /* Build configuration list for PBXProject "Pins3D" */ = {
			isa = XCConfigurationList;
			buildConfigurations = (
				D4DE51422AD63C9C008E1F3C /* Debug */,
				D4DE51432AD63C9C008E1F3C /* Release */,
			);
			defaultConfigurationIsVisible = 0;
			defaultConfigurationName = Release;
		};
		D4DE51442AD63C9C008E1F3C /* Build configuration list for PBXNativeTarget "Pins3D" */ = {
			isa = XCConfigurationList;
			buildConfigurations = (
				D4DE51452AD63C9C008E1F3C /* Debug */,
				D4DE51462AD63C9C008E1F3C /* Release */,
			);
			defaultConfigurationIsVisible = 0;
			defaultConfigurationName = Release;
		};
/* End XCConfigurationList section */

/* Begin XCVersionGroup section */
		D4DE51582AD64291008E1F3C /* Model.xcdatamodeld */ = {
			isa = XCVersionGroup;
			children = (
				D4DE51592AD64291008E1F3C /* Model.xcdatamodel */,
			);
			currentVersion = D4DE51592AD64291008E1F3C /* Model.xcdatamodel */;
			path = Model.xcdatamodeld;
			sourceTree = "<group>";
			versionGroupType = wrapper.xcdatamodel;
		};
/* End XCVersionGroup section */
	};
	rootObject = D4DE512E2AD63C9C008E1F3C /* Project object */;
}
