// !$*UTF8*$!
{
	archiveVersion = 1;
	classes = {
	};
	objectVersion = 56;
	objects = {

/* Begin PBXBuildFile section */
		D4203F422ADB22AD00422E86 /* AnnotatingMachineViewModel+LoadModel.swift in Sources */ = {isa = PBXBuildFile; fileRef = D4203F412ADB22AD00422E86 /* AnnotatingMachineViewModel+LoadModel.swift */; };
		D4203F442ADB3B7000422E86 /* CreatePinView.swift in Sources */ = {isa = PBXBuildFile; fileRef = D4203F432ADB3B7000422E86 /* CreatePinView.swift */; };
		D46EA9932ADC52D30055F3D5 /* TextPinNode.swift in Sources */ = {isa = PBXBuildFile; fileRef = D46EA9922ADC52D30055F3D5 /* TextPinNode.swift */; };
		D46EA9952ADC584D0055F3D5 /* ScanningMachineViewModel+Gestures.swift in Sources */ = {isa = PBXBuildFile; fileRef = D46EA9942ADC584D0055F3D5 /* ScanningMachineViewModel+Gestures.swift */; };
		D48C55792AD9B54C00731F8F /* CatalogView+EntityFunctions.swift in Sources */ = {isa = PBXBuildFile; fileRef = D48C55782AD9B54C00731F8F /* CatalogView+EntityFunctions.swift */; };
		D48C557B2AD9D57400731F8F /* TestRun.swift in Sources */ = {isa = PBXBuildFile; fileRef = D48C557A2AD9D57400731F8F /* TestRun.swift */; };
		D48C557D2AD9D5E000731F8F /* Coordinator+TestRun.swift in Sources */ = {isa = PBXBuildFile; fileRef = D48C557C2AD9D5E000731F8F /* Coordinator+TestRun.swift */; };
		D4B22D682AD6FC0000F3882B /* CreateMachineView.swift in Sources */ = {isa = PBXBuildFile; fileRef = D4B22D672AD6FC0000F3882B /* CreateMachineView.swift */; };
		D4B22D6A2AD6FF8700F3882B /* ScanningMachineView.swift in Sources */ = {isa = PBXBuildFile; fileRef = D4B22D692AD6FF8700F3882B /* ScanningMachineView.swift */; };
		D4B22D6C2AD7010400F3882B /* ARViewContainer.swift in Sources */ = {isa = PBXBuildFile; fileRef = D4B22D6B2AD7010400F3882B /* ARViewContainer.swift */; };
		D4B22D712AD750FF00F3882B /* Coordinator.swift in Sources */ = {isa = PBXBuildFile; fileRef = D4B22D702AD750FF00F3882B /* Coordinator.swift */; };
		D4B22D732AD7559000F3882B /* ScanningMachineViewModel.swift in Sources */ = {isa = PBXBuildFile; fileRef = D4B22D722AD7559000F3882B /* ScanningMachineViewModel.swift */; };
		D4B22D752AD75BC500F3882B /* Coordinator+ApplicationState.swift in Sources */ = {isa = PBXBuildFile; fileRef = D4B22D742AD75BC500F3882B /* Coordinator+ApplicationState.swift */; };
		D4B22D872AD75E9800F3882B /* Wireframe.swift in Sources */ = {isa = PBXBuildFile; fileRef = D4B22D792AD75E9800F3882B /* Wireframe.swift */; };
		D4B22D882AD75E9800F3882B /* CubeNode.swift in Sources */ = {isa = PBXBuildFile; fileRef = D4B22D7A2AD75E9800F3882B /* CubeNode.swift */; };
		D4B22D892AD75E9800F3882B /* ObjectOrigin.swift in Sources */ = {isa = PBXBuildFile; fileRef = D4B22D7B2AD75E9800F3882B /* ObjectOrigin.swift */; };
		D4B22D8A2AD75E9800F3882B /* DetectedPointCloud.swift in Sources */ = {isa = PBXBuildFile; fileRef = D4B22D7C2AD75E9800F3882B /* DetectedPointCloud.swift */; };
		D4B22D8B2AD75E9800F3882B /* ScannedPointCloud.swift in Sources */ = {isa = PBXBuildFile; fileRef = D4B22D7D2AD75E9800F3882B /* ScannedPointCloud.swift */; };
		D4B22D8C2AD75E9800F3882B /* DetectedObject.swift in Sources */ = {isa = PBXBuildFile; fileRef = D4B22D7E2AD75E9800F3882B /* DetectedObject.swift */; };
		D4B22D8D2AD75E9800F3882B /* ObjectOriginAxis.swift in Sources */ = {isa = PBXBuildFile; fileRef = D4B22D7F2AD75E9800F3882B /* ObjectOriginAxis.swift */; };
		D4B22D8E2AD75E9800F3882B /* BoundingBoxSide.swift in Sources */ = {isa = PBXBuildFile; fileRef = D4B22D802AD75E9800F3882B /* BoundingBoxSide.swift */; };
		D4B22D8F2AD75E9800F3882B /* Snapping.swift in Sources */ = {isa = PBXBuildFile; fileRef = D4B22D812AD75E9800F3882B /* Snapping.swift */; };
		D4B22D902AD75E9800F3882B /* BoundingBox.swift in Sources */ = {isa = PBXBuildFile; fileRef = D4B22D822AD75E9800F3882B /* BoundingBox.swift */; };
		D4B22D912AD75E9800F3882B /* Tile.swift in Sources */ = {isa = PBXBuildFile; fileRef = D4B22D832AD75E9800F3882B /* Tile.swift */; };
		D4B22D922AD75E9800F3882B /* ScannedObject.swift in Sources */ = {isa = PBXBuildFile; fileRef = D4B22D842AD75E9800F3882B /* ScannedObject.swift */; };
		D4B22D932AD75E9800F3882B /* DetectedBoundingBox.swift in Sources */ = {isa = PBXBuildFile; fileRef = D4B22D852AD75E9800F3882B /* DetectedBoundingBox.swift */; };
		D4B22D942AD75E9800F3882B /* PointCloud+CreateVisualization.swift in Sources */ = {isa = PBXBuildFile; fileRef = D4B22D862AD75E9800F3882B /* PointCloud+CreateVisualization.swift */; };
		D4B22D962AD75EC700F3882B /* Scan.swift in Sources */ = {isa = PBXBuildFile; fileRef = D4B22D952AD75EC700F3882B /* Scan.swift */; };
		D4B22D9B2AD773D500F3882B /* ThresholdRotationGestureRecognizer.swift in Sources */ = {isa = PBXBuildFile; fileRef = D4B22D982AD773D500F3882B /* ThresholdRotationGestureRecognizer.swift */; };
		D4B22D9C2AD773D500F3882B /* ThresholdPanGestureRecognizer.swift in Sources */ = {isa = PBXBuildFile; fileRef = D4B22D992AD773D500F3882B /* ThresholdPanGestureRecognizer.swift */; };
		D4B22D9D2AD773D500F3882B /* ThresholdPinchGestureRecognizer.swift in Sources */ = {isa = PBXBuildFile; fileRef = D4B22D9A2AD773D500F3882B /* ThresholdPinchGestureRecognizer.swift */; };
		D4B22DA12AD774C700F3882B /* ARCameraTrackingState.swift in Sources */ = {isa = PBXBuildFile; fileRef = D4B22D9F2AD774C700F3882B /* ARCameraTrackingState.swift */; };
		D4B22DA22AD774C700F3882B /* Utilities.swift in Sources */ = {isa = PBXBuildFile; fileRef = D4B22DA02AD774C700F3882B /* Utilities.swift */; };
		D4DE513A2AD63C9C008E1F3C /* AppDelegate.swift in Sources */ = {isa = PBXBuildFile; fileRef = D4DE51392AD63C9C008E1F3C /* AppDelegate.swift */; };
		D4DE513C2AD63C9C008E1F3C /* ContentView.swift in Sources */ = {isa = PBXBuildFile; fileRef = D4DE513B2AD63C9C008E1F3C /* ContentView.swift */; };
		D4DE513E2AD63C9C008E1F3C /* Assets.xcassets in Resources */ = {isa = PBXBuildFile; fileRef = D4DE513D2AD63C9C008E1F3C /* Assets.xcassets */; };
		D4DE51412AD63C9C008E1F3C /* Preview Assets.xcassets in Resources */ = {isa = PBXBuildFile; fileRef = D4DE51402AD63C9C008E1F3C /* Preview Assets.xcassets */; };
		D4DE51492AD63DD1008E1F3C /* PickUserRoleView.swift in Sources */ = {isa = PBXBuildFile; fileRef = D4DE51482AD63DD1008E1F3C /* PickUserRoleView.swift */; };
		D4DE515A2AD64291008E1F3C /* Model.xcdatamodeld in Sources */ = {isa = PBXBuildFile; fileRef = D4DE51582AD64291008E1F3C /* Model.xcdatamodeld */; };
		D4DE515C2AD64332008E1F3C /* Persistence.swift in Sources */ = {isa = PBXBuildFile; fileRef = D4DE515B2AD64332008E1F3C /* Persistence.swift */; };
		D4DE51642AD647C0008E1F3C /* CatalogView.swift in Sources */ = {isa = PBXBuildFile; fileRef = D4DE51632AD647C0008E1F3C /* CatalogView.swift */; };
		D4E179172AD8559F00BBFB3C /* ScanningMachineViewModel+SaveModel.swift in Sources */ = {isa = PBXBuildFile; fileRef = D4E179162AD8559F00BBFB3C /* ScanningMachineViewModel+SaveModel.swift */; };
		D4E826372AD79E43006E472A /* art.scnassets in Resources */ = {isa = PBXBuildFile; fileRef = D4E826362AD79E43006E472A /* art.scnassets */; };
		D4F582DF2AD8B4EC00FFADBB /* AnnotatingMachineView.swift in Sources */ = {isa = PBXBuildFile; fileRef = D4F582DE2AD8B4EC00FFADBB /* AnnotatingMachineView.swift */; };
		D4F582E12AD8B52800FFADBB /* AnnotatingMachineViewModel.swift in Sources */ = {isa = PBXBuildFile; fileRef = D4F582E02AD8B52800FFADBB /* AnnotatingMachineViewModel.swift */; };
		D4FFF1BA2AD6F15500812341 /* PickModuleTypeView.swift in Sources */ = {isa = PBXBuildFile; fileRef = D4FFF1B92AD6F15500812341 /* PickModuleTypeView.swift */; };
/* End PBXBuildFile section */

/* Begin PBXFileReference section */
		D4203F412ADB22AD00422E86 /* AnnotatingMachineViewModel+LoadModel.swift */ = {isa = PBXFileReference; lastKnownFileType = sourcecode.swift; path = "AnnotatingMachineViewModel+LoadModel.swift"; sourceTree = "<group>"; };
		D4203F432ADB3B7000422E86 /* CreatePinView.swift */ = {isa = PBXFileReference; lastKnownFileType = sourcecode.swift; path = CreatePinView.swift; sourceTree = "<group>"; };
		D46EA9922ADC52D30055F3D5 /* TextPinNode.swift */ = {isa = PBXFileReference; lastKnownFileType = sourcecode.swift; path = TextPinNode.swift; sourceTree = "<group>"; };
		D46EA9942ADC584D0055F3D5 /* ScanningMachineViewModel+Gestures.swift */ = {isa = PBXFileReference; lastKnownFileType = sourcecode.swift; path = "ScanningMachineViewModel+Gestures.swift"; sourceTree = "<group>"; };
		D48C55782AD9B54C00731F8F /* CatalogView+EntityFunctions.swift */ = {isa = PBXFileReference; lastKnownFileType = sourcecode.swift; path = "CatalogView+EntityFunctions.swift"; sourceTree = "<group>"; };
		D48C557A2AD9D57400731F8F /* TestRun.swift */ = {isa = PBXFileReference; lastKnownFileType = sourcecode.swift; path = TestRun.swift; sourceTree = "<group>"; };
		D48C557C2AD9D5E000731F8F /* Coordinator+TestRun.swift */ = {isa = PBXFileReference; lastKnownFileType = sourcecode.swift; path = "Coordinator+TestRun.swift"; sourceTree = "<group>"; };
		D4B22D672AD6FC0000F3882B /* CreateMachineView.swift */ = {isa = PBXFileReference; lastKnownFileType = sourcecode.swift; path = CreateMachineView.swift; sourceTree = "<group>"; };
		D4B22D692AD6FF8700F3882B /* ScanningMachineView.swift */ = {isa = PBXFileReference; lastKnownFileType = sourcecode.swift; path = ScanningMachineView.swift; sourceTree = "<group>"; };
		D4B22D6B2AD7010400F3882B /* ARViewContainer.swift */ = {isa = PBXFileReference; lastKnownFileType = sourcecode.swift; path = ARViewContainer.swift; sourceTree = "<group>"; };
		D4B22D702AD750FF00F3882B /* Coordinator.swift */ = {isa = PBXFileReference; lastKnownFileType = sourcecode.swift; path = Coordinator.swift; sourceTree = "<group>"; };
		D4B22D722AD7559000F3882B /* ScanningMachineViewModel.swift */ = {isa = PBXFileReference; lastKnownFileType = sourcecode.swift; path = ScanningMachineViewModel.swift; sourceTree = "<group>"; };
		D4B22D742AD75BC500F3882B /* Coordinator+ApplicationState.swift */ = {isa = PBXFileReference; lastKnownFileType = sourcecode.swift; path = "Coordinator+ApplicationState.swift"; sourceTree = "<group>"; };
		D4B22D792AD75E9800F3882B /* Wireframe.swift */ = {isa = PBXFileReference; fileEncoding = 4; lastKnownFileType = sourcecode.swift; path = Wireframe.swift; sourceTree = "<group>"; };
		D4B22D7A2AD75E9800F3882B /* CubeNode.swift */ = {isa = PBXFileReference; fileEncoding = 4; lastKnownFileType = sourcecode.swift; path = CubeNode.swift; sourceTree = "<group>"; };
		D4B22D7B2AD75E9800F3882B /* ObjectOrigin.swift */ = {isa = PBXFileReference; fileEncoding = 4; lastKnownFileType = sourcecode.swift; path = ObjectOrigin.swift; sourceTree = "<group>"; };
		D4B22D7C2AD75E9800F3882B /* DetectedPointCloud.swift */ = {isa = PBXFileReference; fileEncoding = 4; lastKnownFileType = sourcecode.swift; path = DetectedPointCloud.swift; sourceTree = "<group>"; };
		D4B22D7D2AD75E9800F3882B /* ScannedPointCloud.swift */ = {isa = PBXFileReference; fileEncoding = 4; lastKnownFileType = sourcecode.swift; path = ScannedPointCloud.swift; sourceTree = "<group>"; };
		D4B22D7E2AD75E9800F3882B /* DetectedObject.swift */ = {isa = PBXFileReference; fileEncoding = 4; lastKnownFileType = sourcecode.swift; path = DetectedObject.swift; sourceTree = "<group>"; };
		D4B22D7F2AD75E9800F3882B /* ObjectOriginAxis.swift */ = {isa = PBXFileReference; fileEncoding = 4; lastKnownFileType = sourcecode.swift; path = ObjectOriginAxis.swift; sourceTree = "<group>"; };
		D4B22D802AD75E9800F3882B /* BoundingBoxSide.swift */ = {isa = PBXFileReference; fileEncoding = 4; lastKnownFileType = sourcecode.swift; path = BoundingBoxSide.swift; sourceTree = "<group>"; };
		D4B22D812AD75E9800F3882B /* Snapping.swift */ = {isa = PBXFileReference; fileEncoding = 4; lastKnownFileType = sourcecode.swift; path = Snapping.swift; sourceTree = "<group>"; };
		D4B22D822AD75E9800F3882B /* BoundingBox.swift */ = {isa = PBXFileReference; fileEncoding = 4; lastKnownFileType = sourcecode.swift; path = BoundingBox.swift; sourceTree = "<group>"; };
		D4B22D832AD75E9800F3882B /* Tile.swift */ = {isa = PBXFileReference; fileEncoding = 4; lastKnownFileType = sourcecode.swift; path = Tile.swift; sourceTree = "<group>"; };
		D4B22D842AD75E9800F3882B /* ScannedObject.swift */ = {isa = PBXFileReference; fileEncoding = 4; lastKnownFileType = sourcecode.swift; path = ScannedObject.swift; sourceTree = "<group>"; };
		D4B22D852AD75E9800F3882B /* DetectedBoundingBox.swift */ = {isa = PBXFileReference; fileEncoding = 4; lastKnownFileType = sourcecode.swift; path = DetectedBoundingBox.swift; sourceTree = "<group>"; };
		D4B22D862AD75E9800F3882B /* PointCloud+CreateVisualization.swift */ = {isa = PBXFileReference; fileEncoding = 4; lastKnownFileType = sourcecode.swift; path = "PointCloud+CreateVisualization.swift"; sourceTree = "<group>"; };
		D4B22D952AD75EC700F3882B /* Scan.swift */ = {isa = PBXFileReference; lastKnownFileType = sourcecode.swift; path = Scan.swift; sourceTree = "<group>"; };
		D4B22D982AD773D500F3882B /* ThresholdRotationGestureRecognizer.swift */ = {isa = PBXFileReference; fileEncoding = 4; lastKnownFileType = sourcecode.swift; path = ThresholdRotationGestureRecognizer.swift; sourceTree = "<group>"; };
		D4B22D992AD773D500F3882B /* ThresholdPanGestureRecognizer.swift */ = {isa = PBXFileReference; fileEncoding = 4; lastKnownFileType = sourcecode.swift; path = ThresholdPanGestureRecognizer.swift; sourceTree = "<group>"; };
		D4B22D9A2AD773D500F3882B /* ThresholdPinchGestureRecognizer.swift */ = {isa = PBXFileReference; fileEncoding = 4; lastKnownFileType = sourcecode.swift; path = ThresholdPinchGestureRecognizer.swift; sourceTree = "<group>"; };
		D4B22D9F2AD774C700F3882B /* ARCameraTrackingState.swift */ = {isa = PBXFileReference; fileEncoding = 4; lastKnownFileType = sourcecode.swift; path = ARCameraTrackingState.swift; sourceTree = "<group>"; };
		D4B22DA02AD774C700F3882B /* Utilities.swift */ = {isa = PBXFileReference; fileEncoding = 4; lastKnownFileType = sourcecode.swift; path = Utilities.swift; sourceTree = "<group>"; };
		D4DE51362AD63C9C008E1F3C /* Pins3D.app */ = {isa = PBXFileReference; explicitFileType = wrapper.application; includeInIndex = 0; path = Pins3D.app; sourceTree = BUILT_PRODUCTS_DIR; };
		D4DE51392AD63C9C008E1F3C /* AppDelegate.swift */ = {isa = PBXFileReference; lastKnownFileType = sourcecode.swift; path = AppDelegate.swift; sourceTree = "<group>"; };
		D4DE513B2AD63C9C008E1F3C /* ContentView.swift */ = {isa = PBXFileReference; lastKnownFileType = sourcecode.swift; path = ContentView.swift; sourceTree = "<group>"; };
		D4DE513D2AD63C9C008E1F3C /* Assets.xcassets */ = {isa = PBXFileReference; lastKnownFileType = folder.assetcatalog; path = Assets.xcassets; sourceTree = "<group>"; };
		D4DE51402AD63C9C008E1F3C /* Preview Assets.xcassets */ = {isa = PBXFileReference; lastKnownFileType = folder.assetcatalog; path = "Preview Assets.xcassets"; sourceTree = "<group>"; };
		D4DE51482AD63DD1008E1F3C /* PickUserRoleView.swift */ = {isa = PBXFileReference; lastKnownFileType = sourcecode.swift; path = PickUserRoleView.swift; sourceTree = "<group>"; };
		D4DE51592AD64291008E1F3C /* Model.xcdatamodel */ = {isa = PBXFileReference; lastKnownFileType = wrapper.xcdatamodel; path = Model.xcdatamodel; sourceTree = "<group>"; };
		D4DE515B2AD64332008E1F3C /* Persistence.swift */ = {isa = PBXFileReference; lastKnownFileType = sourcecode.swift; path = Persistence.swift; sourceTree = "<group>"; };
		D4DE51632AD647C0008E1F3C /* CatalogView.swift */ = {isa = PBXFileReference; lastKnownFileType = sourcecode.swift; path = CatalogView.swift; sourceTree = "<group>"; };
		D4E179162AD8559F00BBFB3C /* ScanningMachineViewModel+SaveModel.swift */ = {isa = PBXFileReference; lastKnownFileType = sourcecode.swift; path = "ScanningMachineViewModel+SaveModel.swift"; sourceTree = "<group>"; };
		D4E826362AD79E43006E472A /* art.scnassets */ = {isa = PBXFileReference; lastKnownFileType = wrapper.scnassets; path = art.scnassets; sourceTree = "<group>"; };
		D4F582DE2AD8B4EC00FFADBB /* AnnotatingMachineView.swift */ = {isa = PBXFileReference; lastKnownFileType = sourcecode.swift; path = AnnotatingMachineView.swift; sourceTree = "<group>"; };
		D4F582E02AD8B52800FFADBB /* AnnotatingMachineViewModel.swift */ = {isa = PBXFileReference; lastKnownFileType = sourcecode.swift; path = AnnotatingMachineViewModel.swift; sourceTree = "<group>"; };
		D4FFF1B92AD6F15500812341 /* PickModuleTypeView.swift */ = {isa = PBXFileReference; lastKnownFileType = sourcecode.swift; path = PickModuleTypeView.swift; sourceTree = "<group>"; };
/* End PBXFileReference section */

/* Begin PBXFrameworksBuildPhase section */
		D4DE51332AD63C9C008E1F3C /* Frameworks */ = {
			isa = PBXFrameworksBuildPhase;
			buildActionMask = 2147483647;
			files = (
			);
			runOnlyForDeploymentPostprocessing = 0;
		};
/* End PBXFrameworksBuildPhase section */

/* Begin PBXGroup section */
		D43819E62ADCD5F7002C08B5 /* FacilityScanning */ = {
			isa = PBXGroup;
			children = (
			);
			path = FacilityScanning;
			sourceTree = "<group>";
		};
		D46EA9912ADC52C90055F3D5 /* Pins */ = {
			isa = PBXGroup;
			children = (
				D46EA9922ADC52D30055F3D5 /* TextPinNode.swift */,
			);
			path = Pins;
			sourceTree = "<group>";
		};
		D4B22D6D2AD717A600F3882B /* MachineScanning */ = {
			isa = PBXGroup;
			children = (
				D4B22D672AD6FC0000F3882B /* CreateMachineView.swift */,
				D4B22D692AD6FF8700F3882B /* ScanningMachineView.swift */,
				D4B22D722AD7559000F3882B /* ScanningMachineViewModel.swift */,
				D4E179162AD8559F00BBFB3C /* ScanningMachineViewModel+SaveModel.swift */,
				D46EA9942ADC584D0055F3D5 /* ScanningMachineViewModel+Gestures.swift */,
				D4B22D6B2AD7010400F3882B /* ARViewContainer.swift */,
				D4B22D702AD750FF00F3882B /* Coordinator.swift */,
				D4B22D742AD75BC500F3882B /* Coordinator+ApplicationState.swift */,
				D48C557C2AD9D5E000731F8F /* Coordinator+TestRun.swift */,
			);
			path = MachineScanning;
			sourceTree = "<group>";
		};
		D4B22D782AD75E6B00F3882B /* 3DVisualizations */ = {
			isa = PBXGroup;
			children = (
				D46EA9912ADC52C90055F3D5 /* Pins */,
				D4B22D822AD75E9800F3882B /* BoundingBox.swift */,
				D4B22D802AD75E9800F3882B /* BoundingBoxSide.swift */,
				D4B22D7A2AD75E9800F3882B /* CubeNode.swift */,
				D4B22D852AD75E9800F3882B /* DetectedBoundingBox.swift */,
				D4B22D7E2AD75E9800F3882B /* DetectedObject.swift */,
				D4B22D7C2AD75E9800F3882B /* DetectedPointCloud.swift */,
				D4B22D7B2AD75E9800F3882B /* ObjectOrigin.swift */,
				D4B22D7F2AD75E9800F3882B /* ObjectOriginAxis.swift */,
				D4B22D862AD75E9800F3882B /* PointCloud+CreateVisualization.swift */,
				D4B22D952AD75EC700F3882B /* Scan.swift */,
				D4B22D842AD75E9800F3882B /* ScannedObject.swift */,
				D4B22D7D2AD75E9800F3882B /* ScannedPointCloud.swift */,
				D4B22D812AD75E9800F3882B /* Snapping.swift */,
				D4B22D832AD75E9800F3882B /* Tile.swift */,
				D4B22D792AD75E9800F3882B /* Wireframe.swift */,
				D48C557A2AD9D57400731F8F /* TestRun.swift */,
			);
			path = 3DVisualizations;
			sourceTree = "<group>";
		};
		D4B22D972AD773C500F3882B /* Gesture Recognizers */ = {
			isa = PBXGroup;
			children = (
				D4B22D992AD773D500F3882B /* ThresholdPanGestureRecognizer.swift */,
				D4B22D9A2AD773D500F3882B /* ThresholdPinchGestureRecognizer.swift */,
				D4B22D982AD773D500F3882B /* ThresholdRotationGestureRecognizer.swift */,
			);
			path = "Gesture Recognizers";
			sourceTree = "<group>";
		};
		D4B22D9E2AD774B400F3882B /* Utility Extensions */ = {
			isa = PBXGroup;
			children = (
				D4B22D9F2AD774C700F3882B /* ARCameraTrackingState.swift */,
				D4B22DA02AD774C700F3882B /* Utilities.swift */,
			);
			path = "Utility Extensions";
			sourceTree = "<group>";
		};
		D4DE512D2AD63C9C008E1F3C = {
			isa = PBXGroup;
			children = (
				D4DE51382AD63C9C008E1F3C /* Pins3D */,
				D4DE51372AD63C9C008E1F3C /* Products */,
			);
			sourceTree = "<group>";
		};
		D4DE51372AD63C9C008E1F3C /* Products */ = {
			isa = PBXGroup;
			children = (
				D4DE51362AD63C9C008E1F3C /* Pins3D.app */,
			);
			name = Products;
			sourceTree = "<group>";
		};
		D4DE51382AD63C9C008E1F3C /* Pins3D */ = {
			isa = PBXGroup;
			children = (
				D4B22D9E2AD774B400F3882B /* Utility Extensions */,
				D4B22D972AD773C500F3882B /* Gesture Recognizers */,
				D4B22D782AD75E6B00F3882B /* 3DVisualizations */,
				D4DE514A2AD63E2E008E1F3C /* Data */,
				D4DE51472AD63D8D008E1F3C /* Views */,
				D4DE51392AD63C9C008E1F3C /* AppDelegate.swift */,
				D4DE513B2AD63C9C008E1F3C /* ContentView.swift */,
				D4DE513D2AD63C9C008E1F3C /* Assets.xcassets */,
				D4DE513F2AD63C9C008E1F3C /* Preview Content */,
				D4E826362AD79E43006E472A /* art.scnassets */,
			);
			path = Pins3D;
			sourceTree = "<group>";
		};
		D4DE513F2AD63C9C008E1F3C /* Preview Content */ = {
			isa = PBXGroup;
			children = (
				D4DE51402AD63C9C008E1F3C /* Preview Assets.xcassets */,
			);
			path = "Preview Content";
			sourceTree = "<group>";
		};
		D4DE51472AD63D8D008E1F3C /* Views */ = {
			isa = PBXGroup;
			children = (
				D4F582DD2AD8B4E300FFADBB /* Annotating */,
				D43819E62ADCD5F7002C08B5 /* FacilityScanning */,
				D4B22D6D2AD717A600F3882B /* MachineScanning */,
				D4DE51632AD647C0008E1F3C /* CatalogView.swift */,
				D48C55782AD9B54C00731F8F /* CatalogView+EntityFunctions.swift */,
				D4DE51482AD63DD1008E1F3C /* PickUserRoleView.swift */,
				D4FFF1B92AD6F15500812341 /* PickModuleTypeView.swift */,
			);
			path = Views;
			sourceTree = "<group>";
		};
		D4DE514A2AD63E2E008E1F3C /* Data */ = {
			isa = PBXGroup;
			children = (
				D4DE51582AD64291008E1F3C /* Model.xcdatamodeld */,
				D4DE515B2AD64332008E1F3C /* Persistence.swift */,
			);
			path = Data;
			sourceTree = "<group>";
		};
		D4F582DD2AD8B4E300FFADBB /* Annotating */ = {
			isa = PBXGroup;
			children = (
				D4F582DE2AD8B4EC00FFADBB /* AnnotatingMachineView.swift */,
				D4F582E02AD8B52800FFADBB /* AnnotatingMachineViewModel.swift */,
				D4203F412ADB22AD00422E86 /* AnnotatingMachineViewModel+LoadModel.swift */,
				D4203F432ADB3B7000422E86 /* CreatePinView.swift */,
			);
			path = Annotating;
			sourceTree = "<group>";
		};
/* End PBXGroup section */

/* Begin PBXNativeTarget section */
		D4DE51352AD63C9C008E1F3C /* Pins3D */ = {
			isa = PBXNativeTarget;
			buildConfigurationList = D4DE51442AD63C9C008E1F3C /* Build configuration list for PBXNativeTarget "Pins3D" */;
			buildPhases = (
				D4DE51322AD63C9C008E1F3C /* Sources */,
				D4DE51332AD63C9C008E1F3C /* Frameworks */,
				D4DE51342AD63C9C008E1F3C /* Resources */,
			);
			buildRules = (
			);
			dependencies = (
			);
			name = Pins3D;
			productName = Pins3D;
			productReference = D4DE51362AD63C9C008E1F3C /* Pins3D.app */;
			productType = "com.apple.product-type.application";
		};
/* End PBXNativeTarget section */

/* Begin PBXProject section */
		D4DE512E2AD63C9C008E1F3C /* Project object */ = {
			isa = PBXProject;
			attributes = {
				BuildIndependentTargetsInParallel = 1;
				LastSwiftUpdateCheck = 1500;
				LastUpgradeCheck = 1500;
				TargetAttributes = {
					D4DE51352AD63C9C008E1F3C = {
						CreatedOnToolsVersion = 15.0;
					};
				};
			};
			buildConfigurationList = D4DE51312AD63C9C008E1F3C /* Build configuration list for PBXProject "Pins3D" */;
			compatibilityVersion = "Xcode 14.0";
			developmentRegion = en;
			hasScannedForEncodings = 0;
			knownRegions = (
				en,
				Base,
			);
			mainGroup = D4DE512D2AD63C9C008E1F3C;
			productRefGroup = D4DE51372AD63C9C008E1F3C /* Products */;
			projectDirPath = "";
			projectRoot = "";
			targets = (
				D4DE51352AD63C9C008E1F3C /* Pins3D */,
			);
		};
/* End PBXProject section */

/* Begin PBXResourcesBuildPhase section */
		D4DE51342AD63C9C008E1F3C /* Resources */ = {
			isa = PBXResourcesBuildPhase;
			buildActionMask = 2147483647;
			files = (
				D4DE51412AD63C9C008E1F3C /* Preview Assets.xcassets in Resources */,
				D4DE513E2AD63C9C008E1F3C /* Assets.xcassets in Resources */,
				D4E826372AD79E43006E472A /* art.scnassets in Resources */,
			);
			runOnlyForDeploymentPostprocessing = 0;
		};
/* End PBXResourcesBuildPhase section */

/* Begin PBXSourcesBuildPhase section */
		D4DE51322AD63C9C008E1F3C /* Sources */ = {
			isa = PBXSourcesBuildPhase;
			buildActionMask = 2147483647;
			files = (
				D4B22DA12AD774C700F3882B /* ARCameraTrackingState.swift in Sources */,
				D4E179172AD8559F00BBFB3C /* ScanningMachineViewModel+SaveModel.swift in Sources */,
				D4B22D9D2AD773D500F3882B /* ThresholdPinchGestureRecognizer.swift in Sources */,
				D4B22D872AD75E9800F3882B /* Wireframe.swift in Sources */,
				D4B22D932AD75E9800F3882B /* DetectedBoundingBox.swift in Sources */,
				D46EA9932ADC52D30055F3D5 /* TextPinNode.swift in Sources */,
				D4B22D962AD75EC700F3882B /* Scan.swift in Sources */,
				D4B22DA22AD774C700F3882B /* Utilities.swift in Sources */,
				D4B22D6A2AD6FF8700F3882B /* ScanningMachineView.swift in Sources */,
				D4B22D682AD6FC0000F3882B /* CreateMachineView.swift in Sources */,
				D4203F422ADB22AD00422E86 /* AnnotatingMachineViewModel+LoadModel.swift in Sources */,
				D4B22D9C2AD773D500F3882B /* ThresholdPanGestureRecognizer.swift in Sources */,
				D4203F442ADB3B7000422E86 /* CreatePinView.swift in Sources */,
				D4B22D882AD75E9800F3882B /* CubeNode.swift in Sources */,
				D4DE51642AD647C0008E1F3C /* CatalogView.swift in Sources */,
				D48C557D2AD9D5E000731F8F /* Coordinator+TestRun.swift in Sources */,
				D4B22D752AD75BC500F3882B /* Coordinator+ApplicationState.swift in Sources */,
				D4F582DF2AD8B4EC00FFADBB /* AnnotatingMachineView.swift in Sources */,
				D4B22D8C2AD75E9800F3882B /* DetectedObject.swift in Sources */,
				D4B22D922AD75E9800F3882B /* ScannedObject.swift in Sources */,
				D4B22D8B2AD75E9800F3882B /* ScannedPointCloud.swift in Sources */,
				D4B22D732AD7559000F3882B /* ScanningMachineViewModel.swift in Sources */,
				D4B22D902AD75E9800F3882B /* BoundingBox.swift in Sources */,
				D4DE513C2AD63C9C008E1F3C /* ContentView.swift in Sources */,
				D4B22D8F2AD75E9800F3882B /* Snapping.swift in Sources */,
				D4B22D712AD750FF00F3882B /* Coordinator.swift in Sources */,
				D4B22D912AD75E9800F3882B /* Tile.swift in Sources */,
				D4B22D8D2AD75E9800F3882B /* ObjectOriginAxis.swift in Sources */,
				D4B22D6C2AD7010400F3882B /* ARViewContainer.swift in Sources */,
				D46EA9952ADC584D0055F3D5 /* ScanningMachineViewModel+Gestures.swift in Sources */,
				D4DE51492AD63DD1008E1F3C /* PickUserRoleView.swift in Sources */,
				D4DE513A2AD63C9C008E1F3C /* AppDelegate.swift in Sources */,
				D4B22D9B2AD773D500F3882B /* ThresholdRotationGestureRecognizer.swift in Sources */,
				D4DE515A2AD64291008E1F3C /* Model.xcdatamodeld in Sources */,
				D4B22D942AD75E9800F3882B /* PointCloud+CreateVisualization.swift in Sources */,
				D4F582E12AD8B52800FFADBB /* AnnotatingMachineViewModel.swift in Sources */,
				D48C55792AD9B54C00731F8F /* CatalogView+EntityFunctions.swift in Sources */,
				D4FFF1BA2AD6F15500812341 /* PickModuleTypeView.swift in Sources */,
				D4B22D8E2AD75E9800F3882B /* BoundingBoxSide.swift in Sources */,
				D4DE515C2AD64332008E1F3C /* Persistence.swift in Sources */,
				D48C557B2AD9D57400731F8F /* TestRun.swift in Sources */,
				D4B22D8A2AD75E9800F3882B /* DetectedPointCloud.swift in Sources */,
				D4B22D892AD75E9800F3882B /* ObjectOrigin.swift in Sources */,
			);
			runOnlyForDeploymentPostprocessing = 0;
		};
/* End PBXSourcesBuildPhase section */

/* Begin XCBuildConfiguration section */
		D4DE51422AD63C9C008E1F3C /* Debug */ = {
			isa = XCBuildConfiguration;
			buildSettings = {
				ALWAYS_SEARCH_USER_PATHS = NO;
				ASSETCATALOG_COMPILER_GENERATE_SWIFT_ASSET_SYMBOL_EXTENSIONS = YES;
				CLANG_ANALYZER_NONNULL = YES;
				CLANG_ANALYZER_NUMBER_OBJECT_CONVERSION = YES_AGGRESSIVE;
				CLANG_CXX_LANGUAGE_STANDARD = "gnu++20";
				CLANG_ENABLE_MODULES = YES;
				CLANG_ENABLE_OBJC_ARC = YES;
				CLANG_ENABLE_OBJC_WEAK = YES;
				CLANG_WARN_BLOCK_CAPTURE_AUTORELEASING = YES;
				CLANG_WARN_BOOL_CONVERSION = YES;
				CLANG_WARN_COMMA = YES;
				CLANG_WARN_CONSTANT_CONVERSION = YES;
				CLANG_WARN_DEPRECATED_OBJC_IMPLEMENTATIONS = YES;
				CLANG_WARN_DIRECT_OBJC_ISA_USAGE = YES_ERROR;
				CLANG_WARN_DOCUMENTATION_COMMENTS = YES;
				CLANG_WARN_EMPTY_BODY = YES;
				CLANG_WARN_ENUM_CONVERSION = YES;
				CLANG_WARN_INFINITE_RECURSION = YES;
				CLANG_WARN_INT_CONVERSION = YES;
				CLANG_WARN_NON_LITERAL_NULL_CONVERSION = YES;
				CLANG_WARN_OBJC_IMPLICIT_RETAIN_SELF = YES;
				CLANG_WARN_OBJC_LITERAL_CONVERSION = YES;
				CLANG_WARN_OBJC_ROOT_CLASS = YES_ERROR;
				CLANG_WARN_QUOTED_INCLUDE_IN_FRAMEWORK_HEADER = YES;
				CLANG_WARN_RANGE_LOOP_ANALYSIS = YES;
				CLANG_WARN_STRICT_PROTOTYPES = YES;
				CLANG_WARN_SUSPICIOUS_MOVE = YES;
				CLANG_WARN_UNGUARDED_AVAILABILITY = YES_AGGRESSIVE;
				CLANG_WARN_UNREACHABLE_CODE = YES;
				CLANG_WARN__DUPLICATE_METHOD_MATCH = YES;
				COPY_PHASE_STRIP = NO;
				DEBUG_INFORMATION_FORMAT = dwarf;
				ENABLE_STRICT_OBJC_MSGSEND = YES;
				ENABLE_TESTABILITY = YES;
				ENABLE_USER_SCRIPT_SANDBOXING = YES;
				GCC_C_LANGUAGE_STANDARD = gnu17;
				GCC_DYNAMIC_NO_PIC = NO;
				GCC_NO_COMMON_BLOCKS = YES;
				GCC_OPTIMIZATION_LEVEL = 0;
				GCC_PREPROCESSOR_DEFINITIONS = (
					"DEBUG=1",
					"$(inherited)",
				);
				GCC_WARN_64_TO_32_BIT_CONVERSION = YES;
				GCC_WARN_ABOUT_RETURN_TYPE = YES_ERROR;
				GCC_WARN_UNDECLARED_SELECTOR = YES;
				GCC_WARN_UNINITIALIZED_AUTOS = YES_AGGRESSIVE;
				GCC_WARN_UNUSED_FUNCTION = YES;
				GCC_WARN_UNUSED_VARIABLE = YES;
				IPHONEOS_DEPLOYMENT_TARGET = 17.0;
				LOCALIZATION_PREFERS_STRING_CATALOGS = YES;
				MTL_ENABLE_DEBUG_INFO = INCLUDE_SOURCE;
				MTL_FAST_MATH = YES;
				ONLY_ACTIVE_ARCH = YES;
				SDKROOT = iphoneos;
				SWIFT_ACTIVE_COMPILATION_CONDITIONS = "DEBUG $(inherited)";
				SWIFT_OPTIMIZATION_LEVEL = "-Onone";
			};
			name = Debug;
		};
		D4DE51432AD63C9C008E1F3C /* Release */ = {
			isa = XCBuildConfiguration;
			buildSettings = {
				ALWAYS_SEARCH_USER_PATHS = NO;
				ASSETCATALOG_COMPILER_GENERATE_SWIFT_ASSET_SYMBOL_EXTENSIONS = YES;
				CLANG_ANALYZER_NONNULL = YES;
				CLANG_ANALYZER_NUMBER_OBJECT_CONVERSION = YES_AGGRESSIVE;
				CLANG_CXX_LANGUAGE_STANDARD = "gnu++20";
				CLANG_ENABLE_MODULES = YES;
				CLANG_ENABLE_OBJC_ARC = YES;
				CLANG_ENABLE_OBJC_WEAK = YES;
				CLANG_WARN_BLOCK_CAPTURE_AUTORELEASING = YES;
				CLANG_WARN_BOOL_CONVERSION = YES;
				CLANG_WARN_COMMA = YES;
				CLANG_WARN_CONSTANT_CONVERSION = YES;
				CLANG_WARN_DEPRECATED_OBJC_IMPLEMENTATIONS = YES;
				CLANG_WARN_DIRECT_OBJC_ISA_USAGE = YES_ERROR;
				CLANG_WARN_DOCUMENTATION_COMMENTS = YES;
				CLANG_WARN_EMPTY_BODY = YES;
				CLANG_WARN_ENUM_CONVERSION = YES;
				CLANG_WARN_INFINITE_RECURSION = YES;
				CLANG_WARN_INT_CONVERSION = YES;
				CLANG_WARN_NON_LITERAL_NULL_CONVERSION = YES;
				CLANG_WARN_OBJC_IMPLICIT_RETAIN_SELF = YES;
				CLANG_WARN_OBJC_LITERAL_CONVERSION = YES;
				CLANG_WARN_OBJC_ROOT_CLASS = YES_ERROR;
				CLANG_WARN_QUOTED_INCLUDE_IN_FRAMEWORK_HEADER = YES;
				CLANG_WARN_RANGE_LOOP_ANALYSIS = YES;
				CLANG_WARN_STRICT_PROTOTYPES = YES;
				CLANG_WARN_SUSPICIOUS_MOVE = YES;
				CLANG_WARN_UNGUARDED_AVAILABILITY = YES_AGGRESSIVE;
				CLANG_WARN_UNREACHABLE_CODE = YES;
				CLANG_WARN__DUPLICATE_METHOD_MATCH = YES;
				COPY_PHASE_STRIP = NO;
				DEBUG_INFORMATION_FORMAT = "dwarf-with-dsym";
				ENABLE_NS_ASSERTIONS = NO;
				ENABLE_STRICT_OBJC_MSGSEND = YES;
				ENABLE_USER_SCRIPT_SANDBOXING = YES;
				GCC_C_LANGUAGE_STANDARD = gnu17;
				GCC_NO_COMMON_BLOCKS = YES;
				GCC_WARN_64_TO_32_BIT_CONVERSION = YES;
				GCC_WARN_ABOUT_RETURN_TYPE = YES_ERROR;
				GCC_WARN_UNDECLARED_SELECTOR = YES;
				GCC_WARN_UNINITIALIZED_AUTOS = YES_AGGRESSIVE;
				GCC_WARN_UNUSED_FUNCTION = YES;
				GCC_WARN_UNUSED_VARIABLE = YES;
				IPHONEOS_DEPLOYMENT_TARGET = 17.0;
				LOCALIZATION_PREFERS_STRING_CATALOGS = YES;
				MTL_ENABLE_DEBUG_INFO = NO;
				MTL_FAST_MATH = YES;
				SDKROOT = iphoneos;
				SWIFT_COMPILATION_MODE = wholemodule;
				VALIDATE_PRODUCT = YES;
			};
			name = Release;
		};
		D4DE51452AD63C9C008E1F3C /* Debug */ = {
			isa = XCBuildConfiguration;
			buildSettings = {
				ASSETCATALOG_COMPILER_APPICON_NAME = AppIcon;
				ASSETCATALOG_COMPILER_GLOBAL_ACCENT_COLOR_NAME = AccentColor;
				CODE_SIGN_STYLE = Automatic;
				CURRENT_PROJECT_VERSION = 1;
				DEVELOPMENT_ASSET_PATHS = "\"Pins3D/Preview Content\"";
				DEVELOPMENT_TEAM = 5HL9K394SH;
				ENABLE_PREVIEWS = YES;
				GENERATE_INFOPLIST_FILE = YES;
				INFOPLIST_KEY_NSCameraUsageDescription = "";
				INFOPLIST_KEY_UIApplicationSupportsIndirectInputEvents = YES;
				INFOPLIST_KEY_UILaunchScreen_Generation = YES;
				INFOPLIST_KEY_UIRequiredDeviceCapabilities = arkit;
				INFOPLIST_KEY_UIStatusBarHidden = YES;
				INFOPLIST_KEY_UISupportedInterfaceOrientations_iPad = "UIInterfaceOrientationPortrait UIInterfaceOrientationPortraitUpsideDown UIInterfaceOrientationLandscapeLeft UIInterfaceOrientationLandscapeRight";
				INFOPLIST_KEY_UISupportedInterfaceOrientations_iPhone = "UIInterfaceOrientationPortrait UIInterfaceOrientationLandscapeLeft UIInterfaceOrientationLandscapeRight";
				IPHONEOS_DEPLOYMENT_TARGET = 16.6;
				LD_RUNPATH_SEARCH_PATHS = (
					"$(inherited)",
					"@executable_path/Frameworks",
				);
				MARKETING_VERSION = 1.0;
				PRODUCT_BUNDLE_IDENTIFIER = com.cooksha.Pins3D;
				PRODUCT_NAME = "$(TARGET_NAME)";
				SWIFT_EMIT_LOC_STRINGS = YES;
				SWIFT_VERSION = 5.0;
				TARGETED_DEVICE_FAMILY = "1,2";
			};
			name = Debug;
		};
		D4DE51462AD63C9C008E1F3C /* Release */ = {
			isa = XCBuildConfiguration;
			buildSettings = {
				ASSETCATALOG_COMPILER_APPICON_NAME = AppIcon;
				ASSETCATALOG_COMPILER_GLOBAL_ACCENT_COLOR_NAME = AccentColor;
				CODE_SIGN_STYLE = Automatic;
				CURRENT_PROJECT_VERSION = 1;
				DEVELOPMENT_ASSET_PATHS = "\"Pins3D/Preview Content\"";
				DEVELOPMENT_TEAM = 5HL9K394SH;
				ENABLE_PREVIEWS = YES;
				GENERATE_INFOPLIST_FILE = YES;
				INFOPLIST_KEY_NSCameraUsageDescription = "";
				INFOPLIST_KEY_UIApplicationSupportsIndirectInputEvents = YES;
				INFOPLIST_KEY_UILaunchScreen_Generation = YES;
				INFOPLIST_KEY_UIRequiredDeviceCapabilities = arkit;
				INFOPLIST_KEY_UIStatusBarHidden = YES;
				INFOPLIST_KEY_UISupportedInterfaceOrientations_iPad = "UIInterfaceOrientationPortrait UIInterfaceOrientationPortraitUpsideDown UIInterfaceOrientationLandscapeLeft UIInterfaceOrientationLandscapeRight";
				INFOPLIST_KEY_UISupportedInterfaceOrientations_iPhone = "UIInterfaceOrientationPortrait UIInterfaceOrientationLandscapeLeft UIInterfaceOrientationLandscapeRight";
				IPHONEOS_DEPLOYMENT_TARGET = 16.6;
				LD_RUNPATH_SEARCH_PATHS = (
					"$(inherited)",
					"@executable_path/Frameworks",
				);
				MARKETING_VERSION = 1.0;
				PRODUCT_BUNDLE_IDENTIFIER = com.cooksha.Pins3D;
				PRODUCT_NAME = "$(TARGET_NAME)";
				SWIFT_EMIT_LOC_STRINGS = YES;
				SWIFT_VERSION = 5.0;
				TARGETED_DEVICE_FAMILY = "1,2";
			};
			name = Release;
		};
/* End XCBuildConfiguration section */

/* Begin XCConfigurationList section */
		D4DE51312AD63C9C008E1F3C /* Build configuration list for PBXProject "Pins3D" */ = {
			isa = XCConfigurationList;
			buildConfigurations = (
				D4DE51422AD63C9C008E1F3C /* Debug */,
				D4DE51432AD63C9C008E1F3C /* Release */,
			);
			defaultConfigurationIsVisible = 0;
			defaultConfigurationName = Release;
		};
		D4DE51442AD63C9C008E1F3C /* Build configuration list for PBXNativeTarget "Pins3D" */ = {
			isa = XCConfigurationList;
			buildConfigurations = (
				D4DE51452AD63C9C008E1F3C /* Debug */,
				D4DE51462AD63C9C008E1F3C /* Release */,
			);
			defaultConfigurationIsVisible = 0;
			defaultConfigurationName = Release;
		};
/* End XCConfigurationList section */

/* Begin XCVersionGroup section */
		D4DE51582AD64291008E1F3C /* Model.xcdatamodeld */ = {
			isa = XCVersionGroup;
			children = (
				D4DE51592AD64291008E1F3C /* Model.xcdatamodel */,
			);
			currentVersion = D4DE51592AD64291008E1F3C /* Model.xcdatamodel */;
			path = Model.xcdatamodeld;
			sourceTree = "<group>";
			versionGroupType = wrapper.xcdatamodel;
		};
/* End XCVersionGroup section */
	};
	rootObject = D4DE512E2AD63C9C008E1F3C /* Project object */;
}
